// !$*UTF8*$!
{
	archiveVersion = 1;
	classes = {
	};
	objectVersion = 52;
	objects = {

/* Begin PBXBuildFile section */
		59507CF325A0E92400B50E6A /* HeatTransferSimulation.m in Sources */ = {isa = PBXBuildFile; fileRef = 59507CF225A0E92400B50E6A /* HeatTransferSimulation.m */; };
		59507CF625A0F64500B50E6A /* HeatTransferKernels.metal in Sources */ = {isa = PBXBuildFile; fileRef = 59507CF525A0F64500B50E6A /* HeatTransferKernels.metal */; };
		59979296259CE172009F6FA6 /* HeatTransferRenderer.m in Sources */ = {isa = PBXBuildFile; fileRef = 59979295259CE172009F6FA6 /* HeatTransferRenderer.m */; };
		59979299259CEBC2009F6FA6 /* HeatTransferShaders.metal in Sources */ = {isa = PBXBuildFile; fileRef = 59979298259CEBC2009F6FA6 /* HeatTransferShaders.metal */; };
		59ABC9D9259B8BF800EE9F4C /* AppDelegate.m in Sources */ = {isa = PBXBuildFile; fileRef = 59ABC9D8259B8BF800EE9F4C /* AppDelegate.m */; };
		59ABC9DC259B8BF800EE9F4C /* ViewController.m in Sources */ = {isa = PBXBuildFile; fileRef = 59ABC9DB259B8BF800EE9F4C /* ViewController.m */; };
		59ABC9DE259B8BF800EE9F4C /* Assets.xcassets in Resources */ = {isa = PBXBuildFile; fileRef = 59ABC9DD259B8BF800EE9F4C /* Assets.xcassets */; };
		59ABC9E1259B8BF900EE9F4C /* Main.storyboard in Resources */ = {isa = PBXBuildFile; fileRef = 59ABC9DF259B8BF900EE9F4C /* Main.storyboard */; };
		59ABC9E4259B8BF900EE9F4C /* main.m in Sources */ = {isa = PBXBuildFile; fileRef = 59ABC9E3259B8BF900EE9F4C /* main.m */; };
		59ABC9F0259B8D6E00EE9F4C /* HeatTransferView.m in Sources */ = {isa = PBXBuildFile; fileRef = 59ABC9EE259B8D6E00EE9F4C /* HeatTransferView.m */; };
/* End PBXBuildFile section */

/* Begin PBXFileReference section */
		59507CED25A0E60100B50E6A /* HeatTransferKernelTypes.h */ = {isa = PBXFileReference; lastKnownFileType = sourcecode.c.h; path = HeatTransferKernelTypes.h; sourceTree = "<group>"; };
		59507CF125A0E92400B50E6A /* HeatTransferSimulation.h */ = {isa = PBXFileReference; lastKnownFileType = sourcecode.c.h; path = HeatTransferSimulation.h; sourceTree = "<group>"; };
		59507CF225A0E92400B50E6A /* HeatTransferSimulation.m */ = {isa = PBXFileReference; lastKnownFileType = sourcecode.c.objc; path = HeatTransferSimulation.m; sourceTree = "<group>"; };
		59507CF525A0F64500B50E6A /* HeatTransferKernels.metal */ = {isa = PBXFileReference; lastKnownFileType = sourcecode.metal; path = HeatTransferKernels.metal; sourceTree = "<group>"; };
		59979294259CE172009F6FA6 /* HeatTransferRenderer.h */ = {isa = PBXFileReference; lastKnownFileType = sourcecode.c.h; path = HeatTransferRenderer.h; sourceTree = "<group>"; };
		59979295259CE172009F6FA6 /* HeatTransferRenderer.m */ = {isa = PBXFileReference; lastKnownFileType = sourcecode.c.objc; path = HeatTransferRenderer.m; sourceTree = "<group>"; };
		59979298259CEBC2009F6FA6 /* HeatTransferShaders.metal */ = {isa = PBXFileReference; fileEncoding = 4; lastKnownFileType = sourcecode.metal; path = HeatTransferShaders.metal; sourceTree = "<group>"; };
		5997929B259CEBE7009F6FA6 /* HeatTransferShaderTypes.h */ = {isa = PBXFileReference; lastKnownFileType = sourcecode.c.h; path = HeatTransferShaderTypes.h; sourceTree = "<group>"; };
		59ABC9D4259B8BF800EE9F4C /* HeatTransfer.app */ = {isa = PBXFileReference; explicitFileType = wrapper.application; includeInIndex = 0; path = HeatTransfer.app; sourceTree = BUILT_PRODUCTS_DIR; };
		59ABC9D7259B8BF800EE9F4C /* AppDelegate.h */ = {isa = PBXFileReference; lastKnownFileType = sourcecode.c.h; path = AppDelegate.h; sourceTree = "<group>"; };
		59ABC9D8259B8BF800EE9F4C /* AppDelegate.m */ = {isa = PBXFileReference; lastKnownFileType = sourcecode.c.objc; path = AppDelegate.m; sourceTree = "<group>"; };
		59ABC9DA259B8BF800EE9F4C /* ViewController.h */ = {isa = PBXFileReference; lastKnownFileType = sourcecode.c.h; path = ViewController.h; sourceTree = "<group>"; };
		59ABC9DB259B8BF800EE9F4C /* ViewController.m */ = {isa = PBXFileReference; lastKnownFileType = sourcecode.c.objc; path = ViewController.m; sourceTree = "<group>"; };
		59ABC9DD259B8BF800EE9F4C /* Assets.xcassets */ = {isa = PBXFileReference; lastKnownFileType = folder.assetcatalog; path = Assets.xcassets; sourceTree = "<group>"; };
		59ABC9E0259B8BF900EE9F4C /* Base */ = {isa = PBXFileReference; lastKnownFileType = file.storyboard; name = Base; path = Base.lproj/Main.storyboard; sourceTree = "<group>"; };
		59ABC9E2259B8BF900EE9F4C /* Info.plist */ = {isa = PBXFileReference; lastKnownFileType = text.plist.xml; path = Info.plist; sourceTree = "<group>"; };
		59ABC9E3259B8BF900EE9F4C /* main.m */ = {isa = PBXFileReference; lastKnownFileType = sourcecode.c.objc; path = main.m; sourceTree = "<group>"; };
		59ABC9EE259B8D6E00EE9F4C /* HeatTransferView.m */ = {isa = PBXFileReference; fileEncoding = 4; lastKnownFileType = sourcecode.c.objc; path = HeatTransferView.m; sourceTree = "<group>"; };
		59ABC9EF259B8D6E00EE9F4C /* HeatTransferView.h */ = {isa = PBXFileReference; fileEncoding = 4; lastKnownFileType = sourcecode.c.h; path = HeatTransferView.h; sourceTree = "<group>"; };
		59B19EBD259E2A8100CF590F /* Metal.framework */ = {isa = PBXFileReference; lastKnownFileType = wrapper.framework; name = Metal.framework; path = System/Library/Frameworks/Metal.framework; sourceTree = SDKROOT; };
		59B19EC2259E2B5600CF590F /* DebugConfig.xcconfig */ = {isa = PBXFileReference; lastKnownFileType = text.xcconfig; path = DebugConfig.xcconfig; sourceTree = "<group>"; };
/* End PBXFileReference section */

/* Begin PBXFrameworksBuildPhase section */
		59ABC9D1259B8BF800EE9F4C /* Frameworks */ = {
			isa = PBXFrameworksBuildPhase;
			buildActionMask = 2147483647;
			files = (
			);
			runOnlyForDeploymentPostprocessing = 0;
		};
/* End PBXFrameworksBuildPhase section */

/* Begin PBXGroup section */
		59507CEB25A0E5EC00B50E6A /* Simulation */ = {
			isa = PBXGroup;
			children = (
				59507CED25A0E60100B50E6A /* HeatTransferKernelTypes.h */,
				59507CF125A0E92400B50E6A /* HeatTransferSimulation.h */,
				59507CF225A0E92400B50E6A /* HeatTransferSimulation.m */,
				59507CF525A0F64500B50E6A /* HeatTransferKernels.metal */,
			);
			path = Simulation;
			sourceTree = "<group>";
		};
		59507CEF25A0E6F500B50E6A /* Configs */ = {
			isa = PBXGroup;
			children = (
				59B19EC2259E2B5600CF590F /* DebugConfig.xcconfig */,
			);
			path = Configs;
			sourceTree = "<group>";
		};
		5997928D259CE04F009F6FA6 /* Renderer */ = {
			isa = PBXGroup;
			children = (
				5997929B259CEBE7009F6FA6 /* HeatTransferShaderTypes.h */,
				59979294259CE172009F6FA6 /* HeatTransferRenderer.h */,
				59979295259CE172009F6FA6 /* HeatTransferRenderer.m */,
				59979298259CEBC2009F6FA6 /* HeatTransferShaders.metal */,
			);
			path = Renderer;
			sourceTree = "<group>";
		};
		59ABC9CB259B8BF800EE9F4C = {
			isa = PBXGroup;
			children = (
				59507CEF25A0E6F500B50E6A /* Configs */,
				59507CEB25A0E5EC00B50E6A /* Simulation */,
				5997928D259CE04F009F6FA6 /* Renderer */,
				59ABC9D6259B8BF800EE9F4C /* HeatTransfer */,
				59ABC9D5259B8BF800EE9F4C /* Products */,
				59B19EBC259E2A8100CF590F /* Frameworks */,
			);
			sourceTree = "<group>";
		};
		59ABC9D5259B8BF800EE9F4C /* Products */ = {
			isa = PBXGroup;
			children = (
				59ABC9D4259B8BF800EE9F4C /* HeatTransfer.app */,
			);
			name = Products;
			sourceTree = "<group>";
		};
		59ABC9D6259B8BF800EE9F4C /* HeatTransfer */ = {
			isa = PBXGroup;
			children = (
				59ABC9EF259B8D6E00EE9F4C /* HeatTransferView.h */,
				59ABC9EE259B8D6E00EE9F4C /* HeatTransferView.m */,
				59ABC9D7259B8BF800EE9F4C /* AppDelegate.h */,
				59ABC9D8259B8BF800EE9F4C /* AppDelegate.m */,
				59ABC9DA259B8BF800EE9F4C /* ViewController.h */,
				59ABC9DB259B8BF800EE9F4C /* ViewController.m */,
				59ABC9DD259B8BF800EE9F4C /* Assets.xcassets */,
				59ABC9DF259B8BF900EE9F4C /* Main.storyboard */,
				59ABC9E2259B8BF900EE9F4C /* Info.plist */,
				59ABC9E3259B8BF900EE9F4C /* main.m */,
			);
			path = HeatTransfer;
			sourceTree = "<group>";
		};
		59B19EBC259E2A8100CF590F /* Frameworks */ = {
			isa = PBXGroup;
			children = (
				59B19EBD259E2A8100CF590F /* Metal.framework */,
			);
			name = Frameworks;
			sourceTree = "<group>";
		};
/* End PBXGroup section */

/* Begin PBXNativeTarget section */
		59ABC9D3259B8BF800EE9F4C /* HeatTransfer */ = {
			isa = PBXNativeTarget;
			buildConfigurationList = 59ABC9E8259B8BF900EE9F4C /* Build configuration list for PBXNativeTarget "HeatTransfer" */;
			buildPhases = (
				59ABC9D0259B8BF800EE9F4C /* Sources */,
				59ABC9D1259B8BF800EE9F4C /* Frameworks */,
				59ABC9D2259B8BF800EE9F4C /* Resources */,
			);
			buildRules = (
			);
			dependencies = (
			);
			name = HeatTransfer;
			productName = HeatTransfer;
			productReference = 59ABC9D4259B8BF800EE9F4C /* HeatTransfer.app */;
			productType = "com.apple.product-type.application";
		};
/* End PBXNativeTarget section */

/* Begin PBXProject section */
		59ABC9CC259B8BF800EE9F4C /* Project object */ = {
			isa = PBXProject;
			attributes = {
				LastUpgradeCheck = 1230;
				TargetAttributes = {
					59ABC9D3259B8BF800EE9F4C = {
						CreatedOnToolsVersion = 12.3;
					};
				};
			};
			buildConfigurationList = 59ABC9CF259B8BF800EE9F4C /* Build configuration list for PBXProject "HeatTransfer" */;
			compatibilityVersion = "Xcode 11.0";
			developmentRegion = en;
			hasScannedForEncodings = 0;
			knownRegions = (
				en,
				Base,
			);
			mainGroup = 59ABC9CB259B8BF800EE9F4C;
			productRefGroup = 59ABC9D5259B8BF800EE9F4C /* Products */;
			projectDirPath = "";
			projectRoot = "";
			targets = (
				59ABC9D3259B8BF800EE9F4C /* HeatTransfer */,
			);
		};
/* End PBXProject section */

/* Begin PBXResourcesBuildPhase section */
		59ABC9D2259B8BF800EE9F4C /* Resources */ = {
			isa = PBXResourcesBuildPhase;
			buildActionMask = 2147483647;
			files = (
				59ABC9DE259B8BF800EE9F4C /* Assets.xcassets in Resources */,
				59ABC9E1259B8BF900EE9F4C /* Main.storyboard in Resources */,
			);
			runOnlyForDeploymentPostprocessing = 0;
		};
/* End PBXResourcesBuildPhase section */

/* Begin PBXSourcesBuildPhase section */
		59ABC9D0259B8BF800EE9F4C /* Sources */ = {
			isa = PBXSourcesBuildPhase;
			buildActionMask = 2147483647;
			files = (
				59507CF325A0E92400B50E6A /* HeatTransferSimulation.m in Sources */,
				59979299259CEBC2009F6FA6 /* HeatTransferShaders.metal in Sources */,
				59ABC9DC259B8BF800EE9F4C /* ViewController.m in Sources */,
				59ABC9E4259B8BF900EE9F4C /* main.m in Sources */,
				59ABC9D9259B8BF800EE9F4C /* AppDelegate.m in Sources */,
				59507CF625A0F64500B50E6A /* HeatTransferKernels.metal in Sources */,
				59979296259CE172009F6FA6 /* HeatTransferRenderer.m in Sources */,
				59ABC9F0259B8D6E00EE9F4C /* HeatTransferView.m in Sources */,
			);
			runOnlyForDeploymentPostprocessing = 0;
		};
/* End PBXSourcesBuildPhase section */

/* Begin PBXVariantGroup section */
		59ABC9DF259B8BF900EE9F4C /* Main.storyboard */ = {
			isa = PBXVariantGroup;
			children = (
				59ABC9E0259B8BF900EE9F4C /* Base */,
			);
			name = Main.storyboard;
			sourceTree = "<group>";
		};
/* End PBXVariantGroup section */

/* Begin XCBuildConfiguration section */
		59ABC9E6259B8BF900EE9F4C /* Debug */ = {
			isa = XCBuildConfiguration;
			buildSettings = {
				ALWAYS_SEARCH_USER_PATHS = NO;
				CLANG_ANALYZER_NONNULL = YES;
				CLANG_ANALYZER_NUMBER_OBJECT_CONVERSION = YES_AGGRESSIVE;
				CLANG_CXX_LANGUAGE_STANDARD = "gnu++14";
				CLANG_CXX_LIBRARY = "libc++";
				CLANG_ENABLE_MODULES = YES;
				CLANG_ENABLE_OBJC_ARC = YES;
				CLANG_ENABLE_OBJC_WEAK = YES;
				CLANG_WARN_BLOCK_CAPTURE_AUTORELEASING = YES;
				CLANG_WARN_BOOL_CONVERSION = YES;
				CLANG_WARN_COMMA = YES;
				CLANG_WARN_CONSTANT_CONVERSION = YES;
				CLANG_WARN_DEPRECATED_OBJC_IMPLEMENTATIONS = YES;
				CLANG_WARN_DIRECT_OBJC_ISA_USAGE = YES_ERROR;
				CLANG_WARN_DOCUMENTATION_COMMENTS = YES;
				CLANG_WARN_EMPTY_BODY = YES;
				CLANG_WARN_ENUM_CONVERSION = YES;
				CLANG_WARN_INFINITE_RECURSION = YES;
				CLANG_WARN_INT_CONVERSION = YES;
				CLANG_WARN_NON_LITERAL_NULL_CONVERSION = YES;
				CLANG_WARN_OBJC_IMPLICIT_RETAIN_SELF = YES;
				CLANG_WARN_OBJC_LITERAL_CONVERSION = YES;
				CLANG_WARN_OBJC_ROOT_CLASS = YES_ERROR;
				CLANG_WARN_QUOTED_INCLUDE_IN_FRAMEWORK_HEADER = YES;
				CLANG_WARN_RANGE_LOOP_ANALYSIS = YES;
				CLANG_WARN_STRICT_PROTOTYPES = YES;
				CLANG_WARN_SUSPICIOUS_MOVE = YES;
				CLANG_WARN_UNGUARDED_AVAILABILITY = YES_AGGRESSIVE;
				CLANG_WARN_UNREACHABLE_CODE = YES;
				CLANG_WARN__DUPLICATE_METHOD_MATCH = YES;
				COPY_PHASE_STRIP = NO;
				DEBUG_INFORMATION_FORMAT = dwarf;
				ENABLE_STRICT_OBJC_MSGSEND = YES;
				ENABLE_TESTABILITY = YES;
				GCC_C_LANGUAGE_STANDARD = gnu11;
				GCC_DYNAMIC_NO_PIC = NO;
				GCC_NO_COMMON_BLOCKS = YES;
				GCC_OPTIMIZATION_LEVEL = 0;
				GCC_PREPROCESSOR_DEFINITIONS = (
					"DEBUG=1",
					"$(inherited)",
				);
				GCC_WARN_64_TO_32_BIT_CONVERSION = YES;
				GCC_WARN_ABOUT_RETURN_TYPE = YES_ERROR;
				GCC_WARN_UNDECLARED_SELECTOR = YES;
				GCC_WARN_UNINITIALIZED_AUTOS = YES_AGGRESSIVE;
				GCC_WARN_UNUSED_FUNCTION = YES;
				GCC_WARN_UNUSED_VARIABLE = YES;
				MTL_ENABLE_DEBUG_INFO = INCLUDE_SOURCE;
				MTL_FAST_MATH = YES;
				ONLY_ACTIVE_ARCH = YES;
				SDKROOT = macosx;
			};
			name = Debug;
		};
		59ABC9E7259B8BF900EE9F4C /* Release */ = {
			isa = XCBuildConfiguration;
			buildSettings = {
				ALWAYS_SEARCH_USER_PATHS = NO;
				CLANG_ANALYZER_NONNULL = YES;
				CLANG_ANALYZER_NUMBER_OBJECT_CONVERSION = YES_AGGRESSIVE;
				CLANG_CXX_LANGUAGE_STANDARD = "gnu++14";
				CLANG_CXX_LIBRARY = "libc++";
				CLANG_ENABLE_MODULES = YES;
				CLANG_ENABLE_OBJC_ARC = YES;
				CLANG_ENABLE_OBJC_WEAK = YES;
				CLANG_WARN_BLOCK_CAPTURE_AUTORELEASING = YES;
				CLANG_WARN_BOOL_CONVERSION = YES;
				CLANG_WARN_COMMA = YES;
				CLANG_WARN_CONSTANT_CONVERSION = YES;
				CLANG_WARN_DEPRECATED_OBJC_IMPLEMENTATIONS = YES;
				CLANG_WARN_DIRECT_OBJC_ISA_USAGE = YES_ERROR;
				CLANG_WARN_DOCUMENTATION_COMMENTS = YES;
				CLANG_WARN_EMPTY_BODY = YES;
				CLANG_WARN_ENUM_CONVERSION = YES;
				CLANG_WARN_INFINITE_RECURSION = YES;
				CLANG_WARN_INT_CONVERSION = YES;
				CLANG_WARN_NON_LITERAL_NULL_CONVERSION = YES;
				CLANG_WARN_OBJC_IMPLICIT_RETAIN_SELF = YES;
				CLANG_WARN_OBJC_LITERAL_CONVERSION = YES;
				CLANG_WARN_OBJC_ROOT_CLASS = YES_ERROR;
				CLANG_WARN_QUOTED_INCLUDE_IN_FRAMEWORK_HEADER = YES;
				CLANG_WARN_RANGE_LOOP_ANALYSIS = YES;
				CLANG_WARN_STRICT_PROTOTYPES = YES;
				CLANG_WARN_SUSPICIOUS_MOVE = YES;
				CLANG_WARN_UNGUARDED_AVAILABILITY = YES_AGGRESSIVE;
				CLANG_WARN_UNREACHABLE_CODE = YES;
				CLANG_WARN__DUPLICATE_METHOD_MATCH = YES;
				COPY_PHASE_STRIP = NO;
				DEBUG_INFORMATION_FORMAT = "dwarf-with-dsym";
				ENABLE_NS_ASSERTIONS = NO;
				ENABLE_STRICT_OBJC_MSGSEND = YES;
				GCC_C_LANGUAGE_STANDARD = gnu11;
				GCC_NO_COMMON_BLOCKS = YES;
				GCC_WARN_64_TO_32_BIT_CONVERSION = YES;
				GCC_WARN_ABOUT_RETURN_TYPE = YES_ERROR;
				GCC_WARN_UNDECLARED_SELECTOR = YES;
				GCC_WARN_UNINITIALIZED_AUTOS = YES_AGGRESSIVE;
				GCC_WARN_UNUSED_FUNCTION = YES;
				GCC_WARN_UNUSED_VARIABLE = YES;
				MTL_ENABLE_DEBUG_INFO = NO;
				MTL_FAST_MATH = YES;
				SDKROOT = macosx;
			};
			name = Release;
		};
		59ABC9E9259B8BF900EE9F4C /* Debug */ = {
			isa = XCBuildConfiguration;
			baseConfigurationReference = 59B19EC2259E2B5600CF590F /* DebugConfig.xcconfig */;
			buildSettings = {
				ASSETCATALOG_COMPILER_APPICON_NAME = AppIcon;
				ASSETCATALOG_COMPILER_GLOBAL_ACCENT_COLOR_NAME = AccentColor;
				CODE_SIGN_ENTITLEMENTS = "";
				CODE_SIGN_STYLE = Automatic;
				COMBINE_HIDPI_IMAGES = YES;
				INFOPLIST_FILE = HeatTransfer/Info.plist;
				LD_RUNPATH_SEARCH_PATHS = (
					"$(inherited)",
					"@executable_path/../Frameworks",
				);
				MACOSX_DEPLOYMENT_TARGET = 10.14;
				PRODUCT_BUNDLE_IDENTIFIER = eloibarti.com.HeatTransfer;
				PRODUCT_NAME = "$(TARGET_NAME)";
			};
			name = Debug;
		};
		59ABC9EA259B8BF900EE9F4C /* Release */ = {
			isa = XCBuildConfiguration;
			buildSettings = {
				ASSETCATALOG_COMPILER_APPICON_NAME = AppIcon;
				ASSETCATALOG_COMPILER_GLOBAL_ACCENT_COLOR_NAME = AccentColor;
				CODE_SIGN_ENTITLEMENTS = "";
				CODE_SIGN_STYLE = Automatic;
				COMBINE_HIDPI_IMAGES = YES;
				INFOPLIST_FILE = HeatTransfer/Info.plist;
				LD_RUNPATH_SEARCH_PATHS = (
					"$(inherited)",
					"@executable_path/../Frameworks",
				);
				MACOSX_DEPLOYMENT_TARGET = 10.14;
				PRODUCT_BUNDLE_IDENTIFIER = eloibarti.com.HeatTransfer;
				PRODUCT_NAME = "$(TARGET_NAME)";
			};
			name = Release;
		};
/* End XCBuildConfiguration section */

/* Begin XCConfigurationList section */
		59ABC9CF259B8BF800EE9F4C /* Build configuration list for PBXProject "HeatTransfer" */ = {
			isa = XCConfigurationList;
			buildConfigurations = (
				59ABC9E6259B8BF900EE9F4C /* Debug */,
				59ABC9E7259B8BF900EE9F4C /* Release */,
			);
			defaultConfigurationIsVisible = 0;
			defaultConfigurationName = Debug;
		};
		59ABC9E8259B8BF900EE9F4C /* Build configuration list for PBXNativeTarget "HeatTransfer" */ = {
			isa = XCConfigurationList;
			buildConfigurations = (
				59ABC9E9259B8BF900EE9F4C /* Debug */,
				59ABC9EA259B8BF900EE9F4C /* Release */,
			);
			defaultConfigurationIsVisible = 0;
			defaultConfigurationName = Debug;
		};
/* End XCConfigurationList section */
	};
	rootObject = 59ABC9CC259B8BF800EE9F4C /* Project object */;
}
